
Microsoft Visual Studio Solution File, Format Version 12.00
# Visual Studio Version 17
VisualStudioVersion = 17.14.36203.30 d17.14
MinimumVisualStudioVersion = 10.0.40219.1
Project("{888888A0-9F3D-457C-B088-3A5042F75D52}") = "shoppingList", "shoppingList\shoppingList.pyproj", "{29C3177B-9D85-4F2D-B8D9-458EC148BF96}"
EndProject
Global
	GlobalSection(SolutionConfigurationPlatforms) = preSolution
		Debug|Any CPU = Debug|Any CPU
		Release|Any CPU = Release|Any CPU
	EndGlobalSection
	GlobalSection(ProjectConfigurationPlatforms) = postSolution
		{29C3177B-9D85-4F2D-B8D9-458EC148BF96}.Debug|Any CPU.ActiveCfg = Debug|Any CPU
		{29C3177B-9D85-4F2D-B8D9-458EC148BF96}.Release|Any CPU.ActiveCfg = Release|Any CPU
	EndGlobalSection
	GlobalSection(SolutionProperties) = preSolution
		HideSolutionNode = FALSE
	EndGlobalSection
	GlobalSection(ExtensibilityGlobals) = postSolution
		SolutionGuid = {117DC02F-B68E-4B62-9ABF-B8BC0F6E72E0}
	EndGlobalSection
EndGlobal
