
Microsoft Visual Studio Solution File, Format Version 12.00
# Visual Studio Version 17
VisualStudioVersion = 17.14.36203.30 d17.14
MinimumVisualStudioVersion = 10.0.40219.1
Project("{888888A0-9F3D-457C-B088-3A5042F75D52}") = "Pythonpong", "Pythonpong\Pythonpong.pyproj", "{6E4F848E-AFDA-4715-80B6-F0417C701E39}"
EndProject
Global
	GlobalSection(SolutionConfigurationPlatforms) = preSolution
		Debug|Any CPU = Debug|Any CPU
		Release|Any CPU = Release|Any CPU
	EndGlobalSection
	GlobalSection(ProjectConfigurationPlatforms) = postSolution
		{6E4F848E-AFDA-4715-80B6-F0417C701E39}.Debug|Any CPU.ActiveCfg = Debug|Any CPU
		{6E4F848E-AFDA-4715-80B6-F0417C701E39}.Release|Any CPU.ActiveCfg = Release|Any CPU
	EndGlobalSection
	GlobalSection(SolutionProperties) = preSolution
		HideSolutionNode = FALSE
	EndGlobalSection
	GlobalSection(ExtensibilityGlobals) = postSolution
		SolutionGuid = {A0C1A119-C70C-45A8-BC20-13DAC1696DCE}
	EndGlobalSection
EndGlobal
